
Microsoft Visual Studio Solution File, Format Version 12.00
# Visual Studio Version 17
VisualStudioVersion = 17.0.31903.59
MinimumVisualStudioVersion = 10.0.40219.1
Project("{FAE04EC0-301F-11D3-BF4B-00C04F79EFBC}") = "Web", "Web\Web.csproj", "{64489FBF-7321-4247-A120-DE86AC898FA7}"
EndProject
Project("{FAE04EC0-301F-11D3-BF4B-00C04F79EFBC}") = "Models", "Models\Models.csproj", "{7A59588B-4BF0-4148-B7A2-CAD982194A0D}"
EndProject
Global
	GlobalSection(SolutionConfigurationPlatforms) = preSolution
		Debug|Any CPU = Debug|Any CPU
		Release|Any CPU = Release|Any CPU
	EndGlobalSection
	GlobalSection(SolutionProperties) = preSolution
		HideSolutionNode = FALSE
	EndGlobalSection
	GlobalSection(ProjectConfigurationPlatforms) = postSolution
		{64489FBF-7321-4247-A120-DE86AC898FA7}.Debug|Any CPU.ActiveCfg = Debug|Any CPU
		{64489FBF-7321-4247-A120-DE86AC898FA7}.Debug|Any CPU.Build.0 = Debug|Any CPU
		{64489FBF-7321-4247-A120-DE86AC898FA7}.Release|Any CPU.ActiveCfg = Release|Any CPU
		{64489FBF-7321-4247-A120-DE86AC898FA7}.Release|Any CPU.Build.0 = Release|Any CPU
		{7A59588B-4BF0-4148-B7A2-CAD982194A0D}.Debug|Any CPU.ActiveCfg = Debug|Any CPU
		{7A59588B-4BF0-4148-B7A2-CAD982194A0D}.Debug|Any CPU.Build.0 = Debug|Any CPU
		{7A59588B-4BF0-4148-B7A2-CAD982194A0D}.Release|Any CPU.ActiveCfg = Release|Any CPU
		{7A59588B-4BF0-4148-B7A2-CAD982194A0D}.Release|Any CPU.Build.0 = Release|Any CPU
	EndGlobalSection
EndGlobal
